
Microsoft Visual Studio Solution File, Format Version 12.00
# Visual Studio Version 17
VisualStudioVersion = 17.12.35707.178 d17.12
MinimumVisualStudioVersion = 10.0.40219.1
Project("{FAE04EC0-301F-11D3-BF4B-00C04F79EFBC}") = "Modul8_103022300023", "Modul8_103022300023.csproj", "{24319520-4831-4695-A5C6-495CF1B70AB9}"
EndProject
Global
	GlobalSection(SolutionConfigurationPlatforms) = preSolution
		Debug|Any CPU = Debug|Any CPU
		Release|Any CPU = Release|Any CPU
	EndGlobalSection
	GlobalSection(ProjectConfigurationPlatforms) = postSolution
		{24319520-4831-4695-A5C6-495CF1B70AB9}.Debug|Any CPU.ActiveCfg = Debug|Any CPU
		{24319520-4831-4695-A5C6-495CF1B70AB9}.Debug|Any CPU.Build.0 = Debug|Any CPU
		{24319520-4831-4695-A5C6-495CF1B70AB9}.Release|Any CPU.ActiveCfg = Release|Any CPU
		{24319520-4831-4695-A5C6-495CF1B70AB9}.Release|Any CPU.Build.0 = Release|Any CPU
	EndGlobalSection
	GlobalSection(SolutionProperties) = preSolution
		HideSolutionNode = FALSE
	EndGlobalSection
EndGlobal
